// !$*UTF8*$!
{
	archiveVersion = 1;
	classes = {
	};
	objectVersion = 50;
	objects = {

/* Begin PBXBuildFile section */
		10EE8D6BC812B0C2A1BF737C /* Pods_PracticingWithRxSwift.framework in Frameworks */ = {isa = PBXBuildFile; fileRef = 4786228201DED855128A008E /* Pods_PracticingWithRxSwift.framework */; };
		BE3E684620AF67BE003C2E8D /* SearchViewController.swift in Sources */ = {isa = PBXBuildFile; fileRef = BE3E684520AF67BE003C2E8D /* SearchViewController.swift */; };
		BE8773B120AE366E000337ED /* AppDelegate.swift in Sources */ = {isa = PBXBuildFile; fileRef = BE8773B020AE366E000337ED /* AppDelegate.swift */; };
		BE8773B320AE366E000337ED /* ViewController.swift in Sources */ = {isa = PBXBuildFile; fileRef = BE8773B220AE366E000337ED /* ViewController.swift */; };
		BE8773B620AE366F000337ED /* Main.storyboard in Resources */ = {isa = PBXBuildFile; fileRef = BE8773B420AE366F000337ED /* Main.storyboard */; };
		BE8773B820AE3671000337ED /* Assets.xcassets in Resources */ = {isa = PBXBuildFile; fileRef = BE8773B720AE3671000337ED /* Assets.xcassets */; };
		BE8773BB20AE3671000337ED /* LaunchScreen.storyboard in Resources */ = {isa = PBXBuildFile; fileRef = BE8773B920AE3671000337ED /* LaunchScreen.storyboard */; };
/* End PBXBuildFile section */

/* Begin PBXFileReference section */
		4786228201DED855128A008E /* Pods_PracticingWithRxSwift.framework */ = {isa = PBXFileReference; explicitFileType = wrapper.framework; includeInIndex = 0; path = Pods_PracticingWithRxSwift.framework; sourceTree = BUILT_PRODUCTS_DIR; };
		7DB0547C9B90EE7B7A08A474 /* Pods-PracticingWithRxSwift.release.xcconfig */ = {isa = PBXFileReference; includeInIndex = 1; lastKnownFileType = text.xcconfig; name = "Pods-PracticingWithRxSwift.release.xcconfig"; path = "Pods/Target Support Files/Pods-PracticingWithRxSwift/Pods-PracticingWithRxSwift.release.xcconfig"; sourceTree = "<group>"; };
		BE3E684520AF67BE003C2E8D /* SearchViewController.swift */ = {isa = PBXFileReference; lastKnownFileType = sourcecode.swift; path = SearchViewController.swift; sourceTree = "<group>"; };
		BE8773AD20AE366E000337ED /* PracticingWithRxSwift.app */ = {isa = PBXFileReference; explicitFileType = wrapper.application; includeInIndex = 0; path = PracticingWithRxSwift.app; sourceTree = BUILT_PRODUCTS_DIR; };
		BE8773B020AE366E000337ED /* AppDelegate.swift */ = {isa = PBXFileReference; lastKnownFileType = sourcecode.swift; path = AppDelegate.swift; sourceTree = "<group>"; };
		BE8773B220AE366E000337ED /* ViewController.swift */ = {isa = PBXFileReference; lastKnownFileType = sourcecode.swift; path = ViewController.swift; sourceTree = "<group>"; };
		BE8773B520AE366F000337ED /* Base */ = {isa = PBXFileReference; lastKnownFileType = file.storyboard; name = Base; path = Base.lproj/Main.storyboard; sourceTree = "<group>"; };
		BE8773B720AE3671000337ED /* Assets.xcassets */ = {isa = PBXFileReference; lastKnownFileType = folder.assetcatalog; path = Assets.xcassets; sourceTree = "<group>"; };
		BE8773BA20AE3671000337ED /* Base */ = {isa = PBXFileReference; lastKnownFileType = file.storyboard; name = Base; path = Base.lproj/LaunchScreen.storyboard; sourceTree = "<group>"; };
		BE8773BC20AE3671000337ED /* Info.plist */ = {isa = PBXFileReference; lastKnownFileType = text.plist.xml; path = Info.plist; sourceTree = "<group>"; };
		F6754028BBE3DB0F86029B73 /* Pods-PracticingWithRxSwift.debug.xcconfig */ = {isa = PBXFileReference; includeInIndex = 1; lastKnownFileType = text.xcconfig; name = "Pods-PracticingWithRxSwift.debug.xcconfig"; path = "Pods/Target Support Files/Pods-PracticingWithRxSwift/Pods-PracticingWithRxSwift.debug.xcconfig"; sourceTree = "<group>"; };
/* End PBXFileReference section */

/* Begin PBXFrameworksBuildPhase section */
		BE8773AA20AE366E000337ED /* Frameworks */ = {
			isa = PBXFrameworksBuildPhase;
			buildActionMask = 2147483647;
			files = (
				10EE8D6BC812B0C2A1BF737C /* Pods_PracticingWithRxSwift.framework in Frameworks */,
			);
			runOnlyForDeploymentPostprocessing = 0;
		};
/* End PBXFrameworksBuildPhase section */

/* Begin PBXGroup section */
		3FBB34BCC9DB5FFCF572C865 /* Frameworks */ = {
			isa = PBXGroup;
			children = (
				4786228201DED855128A008E /* Pods_PracticingWithRxSwift.framework */,
			);
			name = Frameworks;
			sourceTree = "<group>";
		};
		80B9FE450AB76DC8E9FBA188 /* Pods */ = {
			isa = PBXGroup;
			children = (
				F6754028BBE3DB0F86029B73 /* Pods-PracticingWithRxSwift.debug.xcconfig */,
				7DB0547C9B90EE7B7A08A474 /* Pods-PracticingWithRxSwift.release.xcconfig */,
			);
			name = Pods;
			sourceTree = "<group>";
		};
		BE8773A420AE366E000337ED = {
			isa = PBXGroup;
			children = (
				BE8773AF20AE366E000337ED /* PracticingWithRxSwift */,
				BE8773AE20AE366E000337ED /* Products */,
				80B9FE450AB76DC8E9FBA188 /* Pods */,
				3FBB34BCC9DB5FFCF572C865 /* Frameworks */,
			);
			sourceTree = "<group>";
		};
		BE8773AE20AE366E000337ED /* Products */ = {
			isa = PBXGroup;
			children = (
				BE8773AD20AE366E000337ED /* PracticingWithRxSwift.app */,
			);
			name = Products;
			sourceTree = "<group>";
		};
		BE8773AF20AE366E000337ED /* PracticingWithRxSwift */ = {
			isa = PBXGroup;
			children = (
				BE8773B020AE366E000337ED /* AppDelegate.swift */,
				BE8773B220AE366E000337ED /* ViewController.swift */,
				BE3E684520AF67BE003C2E8D /* SearchViewController.swift */,
				BE8773B420AE366F000337ED /* Main.storyboard */,
				BE8773B720AE3671000337ED /* Assets.xcassets */,
				BE8773B920AE3671000337ED /* LaunchScreen.storyboard */,
				BE8773BC20AE3671000337ED /* Info.plist */,
			);
			path = PracticingWithRxSwift;
			sourceTree = "<group>";
		};
/* End PBXGroup section */

/* Begin PBXNativeTarget section */
		BE8773AC20AE366E000337ED /* PracticingWithRxSwift */ = {
			isa = PBXNativeTarget;
			buildConfigurationList = BE8773BF20AE3671000337ED /* Build configuration list for PBXNativeTarget "PracticingWithRxSwift" */;
			buildPhases = (
				04368978007D4E7D94FCFDF9 /* [CP] Check Pods Manifest.lock */,
				BE8773A920AE366E000337ED /* Sources */,
				BE8773AA20AE366E000337ED /* Frameworks */,
				BE8773AB20AE366E000337ED /* Resources */,
				427B10DFA37B4A3719A1D2F4 /* [CP] Embed Pods Frameworks */,
			);
			buildRules = (
			);
			dependencies = (
			);
			name = PracticingWithRxSwift;
			productName = PracticingWithRxSwift;
			productReference = BE8773AD20AE366E000337ED /* PracticingWithRxSwift.app */;
			productType = "com.apple.product-type.application";
		};
/* End PBXNativeTarget section */

/* Begin PBXProject section */
		BE8773A520AE366E000337ED /* Project object */ = {
			isa = PBXProject;
			attributes = {
				LastSwiftUpdateCheck = 0930;
				LastUpgradeCheck = 0930;
				ORGANIZATIONNAME = ByEldon;
				TargetAttributes = {
					BE8773AC20AE366E000337ED = {
						CreatedOnToolsVersion = 9.3.1;
					};
				};
			};
			buildConfigurationList = BE8773A820AE366E000337ED /* Build configuration list for PBXProject "PracticingWithRxSwift" */;
			compatibilityVersion = "Xcode 9.3";
			developmentRegion = en;
			hasScannedForEncodings = 0;
			knownRegions = (
				en,
				Base,
			);
			mainGroup = BE8773A420AE366E000337ED;
			productRefGroup = BE8773AE20AE366E000337ED /* Products */;
			projectDirPath = "";
			projectRoot = "";
			targets = (
				BE8773AC20AE366E000337ED /* PracticingWithRxSwift */,
			);
		};
/* End PBXProject section */

/* Begin PBXResourcesBuildPhase section */
		BE8773AB20AE366E000337ED /* Resources */ = {
			isa = PBXResourcesBuildPhase;
			buildActionMask = 2147483647;
			files = (
				BE8773BB20AE3671000337ED /* LaunchScreen.storyboard in Resources */,
				BE8773B820AE3671000337ED /* Assets.xcassets in Resources */,
				BE8773B620AE366F000337ED /* Main.storyboard in Resources */,
			);
			runOnlyForDeploymentPostprocessing = 0;
		};
/* End PBXResourcesBuildPhase section */

/* Begin PBXShellScriptBuildPhase section */
		04368978007D4E7D94FCFDF9 /* [CP] Check Pods Manifest.lock */ = {
			isa = PBXShellScriptBuildPhase;
			buildActionMask = 2147483647;
			files = (
			);
			inputPaths = (
				"${PODS_PODFILE_DIR_PATH}/Podfile.lock",
				"${PODS_ROOT}/Manifest.lock",
			);
			name = "[CP] Check Pods Manifest.lock";
			outputPaths = (
				"$(DERIVED_FILE_DIR)/Pods-PracticingWithRxSwift-checkManifestLockResult.txt",
			);
			runOnlyForDeploymentPostprocessing = 0;
			shellPath = /bin/sh;
			shellScript = "diff \"${PODS_PODFILE_DIR_PATH}/Podfile.lock\" \"${PODS_ROOT}/Manifest.lock\" > /dev/null\nif [ $? != 0 ] ; then\n    # print error to STDERR\n    echo \"error: The sandbox is not in sync with the Podfile.lock. Run 'pod install' or update your CocoaPods installation.\" >&2\n    exit 1\nfi\n# This output is used by Xcode 'outputs' to avoid re-running this script phase.\necho \"SUCCESS\" > \"${SCRIPT_OUTPUT_FILE_0}\"\n";
			showEnvVarsInLog = 0;
		};
		427B10DFA37B4A3719A1D2F4 /* [CP] Embed Pods Frameworks */ = {
			isa = PBXShellScriptBuildPhase;
			buildActionMask = 2147483647;
			files = (
			);
			inputPaths = (
				"${SRCROOT}/Pods/Target Support Files/Pods-PracticingWithRxSwift/Pods-PracticingWithRxSwift-frameworks.sh",
				"${BUILT_PRODUCTS_DIR}/RxCocoa/RxCocoa.framework",
				"${BUILT_PRODUCTS_DIR}/RxSwift/RxSwift.framework",
			);
			name = "[CP] Embed Pods Frameworks";
			outputPaths = (
				"${TARGET_BUILD_DIR}/${FRAMEWORKS_FOLDER_PATH}/RxCocoa.framework",
				"${TARGET_BUILD_DIR}/${FRAMEWORKS_FOLDER_PATH}/RxSwift.framework",
			);
			runOnlyForDeploymentPostprocessing = 0;
			shellPath = /bin/sh;
			shellScript = "\"${SRCROOT}/Pods/Target Support Files/Pods-PracticingWithRxSwift/Pods-PracticingWithRxSwift-frameworks.sh\"\n";
			showEnvVarsInLog = 0;
		};
/* End PBXShellScriptBuildPhase section */

/* Begin PBXSourcesBuildPhase section */
		BE8773A920AE366E000337ED /* Sources */ = {
			isa = PBXSourcesBuildPhase;
			buildActionMask = 2147483647;
			files = (
				BE3E684620AF67BE003C2E8D /* SearchViewController.swift in Sources */,
				BE8773B320AE366E000337ED /* ViewController.swift in Sources */,
				BE8773B120AE366E000337ED /* AppDelegate.swift in Sources */,
			);
			runOnlyForDeploymentPostprocessing = 0;
		};
/* End PBXSourcesBuildPhase section */

/* Begin PBXVariantGroup section */
		BE8773B420AE366F000337ED /* Main.storyboard */ = {
			isa = PBXVariantGroup;
			children = (
				BE8773B520AE366F000337ED /* Base */,
			);
			name = Main.storyboard;
			sourceTree = "<group>";
		};
		BE8773B920AE3671000337ED /* LaunchScreen.storyboard */ = {
			isa = PBXVariantGroup;
			children = (
				BE8773BA20AE3671000337ED /* Base */,
			);
			name = LaunchScreen.storyboard;
			sourceTree = "<group>";
		};
/* End PBXVariantGroup section */

/* Begin XCBuildConfiguration section */
		BE8773BD20AE3671000337ED /* Debug */ = {
			isa = XCBuildConfiguration;
			buildSettings = {
				ALWAYS_SEARCH_USER_PATHS = NO;
				CLANG_ANALYZER_NONNULL = YES;
				CLANG_ANALYZER_NUMBER_OBJECT_CONVERSION = YES_AGGRESSIVE;
				CLANG_CXX_LANGUAGE_STANDARD = "gnu++14";
				CLANG_CXX_LIBRARY = "libc++";
				CLANG_ENABLE_MODULES = YES;
				CLANG_ENABLE_OBJC_ARC = YES;
				CLANG_ENABLE_OBJC_WEAK = YES;
				CLANG_WARN_BLOCK_CAPTURE_AUTORELEASING = YES;
				CLANG_WARN_BOOL_CONVERSION = YES;
				CLANG_WARN_COMMA = YES;
				CLANG_WARN_CONSTANT_CONVERSION = YES;
				CLANG_WARN_DEPRECATED_OBJC_IMPLEMENTATIONS = YES;
				CLANG_WARN_DIRECT_OBJC_ISA_USAGE = YES_ERROR;
				CLANG_WARN_DOCUMENTATION_COMMENTS = YES;
				CLANG_WARN_EMPTY_BODY = YES;
				CLANG_WARN_ENUM_CONVERSION = YES;
				CLANG_WARN_INFINITE_RECURSION = YES;
				CLANG_WARN_INT_CONVERSION = YES;
				CLANG_WARN_NON_LITERAL_NULL_CONVERSION = YES;
				CLANG_WARN_OBJC_IMPLICIT_RETAIN_SELF = YES;
				CLANG_WARN_OBJC_LITERAL_CONVERSION = YES;
				CLANG_WARN_OBJC_ROOT_CLASS = YES_ERROR;
				CLANG_WARN_RANGE_LOOP_ANALYSIS = YES;
				CLANG_WARN_STRICT_PROTOTYPES = YES;
				CLANG_WARN_SUSPICIOUS_MOVE = YES;
				CLANG_WARN_UNGUARDED_AVAILABILITY = YES_AGGRESSIVE;
				CLANG_WARN_UNREACHABLE_CODE = YES;
				CLANG_WARN__DUPLICATE_METHOD_MATCH = YES;
				CODE_SIGN_IDENTITY = "iPhone Developer";
				COPY_PHASE_STRIP = NO;
				DEBUG_INFORMATION_FORMAT = dwarf;
				ENABLE_STRICT_OBJC_MSGSEND = YES;
				ENABLE_TESTABILITY = YES;
				GCC_C_LANGUAGE_STANDARD = gnu11;
				GCC_DYNAMIC_NO_PIC = NO;
				GCC_NO_COMMON_BLOCKS = YES;
				GCC_OPTIMIZATION_LEVEL = 0;
				GCC_PREPROCESSOR_DEFINITIONS = (
					"DEBUG=1",
					"$(inherited)",
				);
				GCC_WARN_64_TO_32_BIT_CONVERSION = YES;
				GCC_WARN_ABOUT_RETURN_TYPE = YES_ERROR;
				GCC_WARN_UNDECLARED_SELECTOR = YES;
				GCC_WARN_UNINITIALIZED_AUTOS = YES_AGGRESSIVE;
				GCC_WARN_UNUSED_FUNCTION = YES;
				GCC_WARN_UNUSED_VARIABLE = YES;
				IPHONEOS_DEPLOYMENT_TARGET = 11.3;
				MTL_ENABLE_DEBUG_INFO = YES;
				ONLY_ACTIVE_ARCH = YES;
				SDKROOT = iphoneos;
				SWIFT_ACTIVE_COMPILATION_CONDITIONS = DEBUG;
				SWIFT_OPTIMIZATION_LEVEL = "-Onone";
			};
			name = Debug;
		};
		BE8773BE20AE3671000337ED /* Release */ = {
			isa = XCBuildConfiguration;
			buildSettings = {
				ALWAYS_SEARCH_USER_PATHS = NO;
				CLANG_ANALYZER_NONNULL = YES;
				CLANG_ANALYZER_NUMBER_OBJECT_CONVERSION = YES_AGGRESSIVE;
				CLANG_CXX_LANGUAGE_STANDARD = "gnu++14";
				CLANG_CXX_LIBRARY = "libc++";
				CLANG_ENABLE_MODULES = YES;
				CLANG_ENABLE_OBJC_ARC = YES;
				CLANG_ENABLE_OBJC_WEAK = YES;
				CLANG_WARN_BLOCK_CAPTURE_AUTORELEASING = YES;
				CLANG_WARN_BOOL_CONVERSION = YES;
				CLANG_WARN_COMMA = YES;
				CLANG_WARN_CONSTANT_CONVERSION = YES;
				CLANG_WARN_DEPRECATED_OBJC_IMPLEMENTATIONS = YES;
				CLANG_WARN_DIRECT_OBJC_ISA_USAGE = YES_ERROR;
				CLANG_WARN_DOCUMENTATION_COMMENTS = YES;
				CLANG_WARN_EMPTY_BODY = YES;
				CLANG_WARN_ENUM_CONVERSION = YES;
				CLANG_WARN_INFINITE_RECURSION = YES;
				CLANG_WARN_INT_CONVERSION = YES;
				CLANG_WARN_NON_LITERAL_NULL_CONVERSION = YES;
				CLANG_WARN_OBJC_IMPLICIT_RETAIN_SELF = YES;
				CLANG_WARN_OBJC_LITERAL_CONVERSION = YES;
				CLANG_WARN_OBJC_ROOT_CLASS = YES_ERROR;
				CLANG_WARN_RANGE_LOOP_ANALYSIS = YES;
				CLANG_WARN_STRICT_PROTOTYPES = YES;
				CLANG_WARN_SUSPICIOUS_MOVE = YES;
				CLANG_WARN_UNGUARDED_AVAILABILITY = YES_AGGRESSIVE;
				CLANG_WARN_UNREACHABLE_CODE = YES;
				CLANG_WARN__DUPLICATE_METHOD_MATCH = YES;
				CODE_SIGN_IDENTITY = "iPhone Developer";
				COPY_PHASE_STRIP = NO;
				DEBUG_INFORMATION_FORMAT = "dwarf-with-dsym";
				ENABLE_NS_ASSERTIONS = NO;
				ENABLE_STRICT_OBJC_MSGSEND = YES;
				GCC_C_LANGUAGE_STANDARD = gnu11;
				GCC_NO_COMMON_BLOCKS = YES;
				GCC_WARN_64_TO_32_BIT_CONVERSION = YES;
				GCC_WARN_ABOUT_RETURN_TYPE = YES_ERROR;
				GCC_WARN_UNDECLARED_SELECTOR = YES;
				GCC_WARN_UNINITIALIZED_AUTOS = YES_AGGRESSIVE;
				GCC_WARN_UNUSED_FUNCTION = YES;
				GCC_WARN_UNUSED_VARIABLE = YES;
				IPHONEOS_DEPLOYMENT_TARGET = 11.3;
				MTL_ENABLE_DEBUG_INFO = NO;
				SDKROOT = iphoneos;
				SWIFT_COMPILATION_MODE = wholemodule;
				SWIFT_OPTIMIZATION_LEVEL = "-O";
				VALIDATE_PRODUCT = YES;
			};
			name = Release;
		};
		BE8773C020AE3671000337ED /* Debug */ = {
			isa = XCBuildConfiguration;
			baseConfigurationReference = F6754028BBE3DB0F86029B73 /* Pods-PracticingWithRxSwift.debug.xcconfig */;
			buildSettings = {
				ASSETCATALOG_COMPILER_APPICON_NAME = AppIcon;
				CODE_SIGN_STYLE = Automatic;
				DEVELOPMENT_TEAM = RP6364VX67;
				INFOPLIST_FILE = PracticingWithRxSwift/Info.plist;
				LD_RUNPATH_SEARCH_PATHS = (
					"$(inherited)",
					"@executable_path/Frameworks",
				);
				PRODUCT_BUNDLE_IDENTIFIER = ByEldon.PracticingWithRxSwift;
				PRODUCT_NAME = "$(TARGET_NAME)";
				SWIFT_VERSION = 4.0;
				TARGETED_DEVICE_FAMILY = "1,2";
			};
			name = Debug;
		};
		BE8773C120AE3671000337ED /* Release */ = {
			isa = XCBuildConfiguration;
			baseConfigurationReference = 7DB0547C9B90EE7B7A08A474 /* Pods-PracticingWithRxSwift.release.xcconfig */;
			buildSettings = {
				ASSETCATALOG_COMPILER_APPICON_NAME = AppIcon;
				CODE_SIGN_STYLE = Automatic;
				DEVELOPMENT_TEAM = RP6364VX67;
				INFOPLIST_FILE = PracticingWithRxSwift/Info.plist;
				LD_RUNPATH_SEARCH_PATHS = (
					"$(inherited)",
					"@executable_path/Frameworks",
				);
				PRODUCT_BUNDLE_IDENTIFIER = ByEldon.PracticingWithRxSwift;
				PRODUCT_NAME = "$(TARGET_NAME)";
				SWIFT_VERSION = 4.0;
				TARGETED_DEVICE_FAMILY = "1,2";
			};
			name = Release;
		};
/* End XCBuildConfiguration section */

/* Begin XCConfigurationList section */
		BE8773A820AE366E000337ED /* Build configuration list for PBXProject "PracticingWithRxSwift" */ = {
			isa = XCConfigurationList;
			buildConfigurations = (
				BE8773BD20AE3671000337ED /* Debug */,
				BE8773BE20AE3671000337ED /* Release */,
			);
			defaultConfigurationIsVisible = 0;
			defaultConfigurationName = Release;
		};
		BE8773BF20AE3671000337ED /* Build configuration list for PBXNativeTarget "PracticingWithRxSwift" */ = {
			isa = XCConfigurationList;
			buildConfigurations = (
				BE8773C020AE3671000337ED /* Debug */,
				BE8773C120AE3671000337ED /* Release */,
			);
			defaultConfigurationIsVisible = 0;
			defaultConfigurationName = Release;
		};
/* End XCConfigurationList section */
	};
	rootObject = BE8773A520AE366E000337ED /* Project object */;
}
